
Microsoft Visual Studio Solution File, Format Version 12.00
# Visual Studio Version 17
VisualStudioVersion = 17.4.33213.308
MinimumVisualStudioVersion = 10.0.40219.1
Project("{8BC9CEB8-8B4A-11D0-8D11-00A0C91BC942}") = "Project1", "Project1\Project1.vcxproj", "{40C26D2C-8CA7-4199-BD51-057AD3D5CC83}"
EndProject
Project("{8BC9CEB8-8B4A-11D0-8D11-00A0C91BC942}") = "Project2", "Project2\Project2.vcxproj", "{FF8ACF7B-C259-413C-A347-C92C5BE1F841}"
EndProject
Global
	GlobalSection(SolutionConfigurationPlatforms) = preSolution
		Debug|x64 = Debug|x64
		Debug|x86 = Debug|x86
		Release|x64 = Release|x64
		Release|x86 = Release|x86
	EndGlobalSection
	GlobalSection(ProjectConfigurationPlatforms) = postSolution
		{40C26D2C-8CA7-4199-BD51-057AD3D5CC83}.Debug|x64.ActiveCfg = Debug|x64
		{40C26D2C-8CA7-4199-BD51-057AD3D5CC83}.Debug|x64.Build.0 = Debug|x64
		{40C26D2C-8CA7-4199-BD51-057AD3D5CC83}.Debug|x86.ActiveCfg = Debug|Win32
		{40C26D2C-8CA7-4199-BD51-057AD3D5CC83}.Debug|x86.Build.0 = Debug|Win32
		{40C26D2C-8CA7-4199-BD51-057AD3D5CC83}.Release|x64.ActiveCfg = Release|x64
		{40C26D2C-8CA7-4199-BD51-057AD3D5CC83}.Release|x64.Build.0 = Release|x64
		{40C26D2C-8CA7-4199-BD51-057AD3D5CC83}.Release|x86.ActiveCfg = Release|Win32
		{40C26D2C-8CA7-4199-BD51-057AD3D5CC83}.Release|x86.Build.0 = Release|Win32
		{FF8ACF7B-C259-413C-A347-C92C5BE1F841}.Debug|x64.ActiveCfg = Debug|x64
		{FF8ACF7B-C259-413C-A347-C92C5BE1F841}.Debug|x64.Build.0 = Debug|x64
		{FF8ACF7B-C259-413C-A347-C92C5BE1F841}.Debug|x86.ActiveCfg = Debug|Win32
		{FF8ACF7B-C259-413C-A347-C92C5BE1F841}.Debug|x86.Build.0 = Debug|Win32
		{FF8ACF7B-C259-413C-A347-C92C5BE1F841}.Release|x64.ActiveCfg = Release|x64
		{FF8ACF7B-C259-413C-A347-C92C5BE1F841}.Release|x64.Build.0 = Release|x64
		{FF8ACF7B-C259-413C-A347-C92C5BE1F841}.Release|x86.ActiveCfg = Release|Win32
		{FF8ACF7B-C259-413C-A347-C92C5BE1F841}.Release|x86.Build.0 = Release|Win32
	EndGlobalSection
	GlobalSection(SolutionProperties) = preSolution
		HideSolutionNode = FALSE
	EndGlobalSection
	GlobalSection(ExtensibilityGlobals) = postSolution
		SolutionGuid = {9A84C251-5D83-4B94-A588-5A4E366FABBF}
	EndGlobalSection
EndGlobal
